// !$*UTF8*$!
{
	archiveVersion = 1;
	classes = {
	};
	objectVersion = 50;
	objects = {

/* Begin PBXBuildFile section */
		A357CBBB23887E0B00F708CD /* AppDelegate.swift in Sources */ = {isa = PBXBuildFile; fileRef = A357CBBA23887E0B00F708CD /* AppDelegate.swift */; };
		A357CBBD23887E0B00F708CD /* SceneDelegate.swift in Sources */ = {isa = PBXBuildFile; fileRef = A357CBBC23887E0B00F708CD /* SceneDelegate.swift */; };
		A357CBBF23887E0B00F708CD /* ContentView.swift in Sources */ = {isa = PBXBuildFile; fileRef = A357CBBE23887E0B00F708CD /* ContentView.swift */; };
		A357CBC123887E0C00F708CD /* Assets.xcassets in Resources */ = {isa = PBXBuildFile; fileRef = A357CBC023887E0C00F708CD /* Assets.xcassets */; };
		A357CBC423887E0C00F708CD /* Preview Assets.xcassets in Resources */ = {isa = PBXBuildFile; fileRef = A357CBC323887E0C00F708CD /* Preview Assets.xcassets */; };
		A357CBC723887E0C00F708CD /* LaunchScreen.storyboard in Resources */ = {isa = PBXBuildFile; fileRef = A357CBC523887E0C00F708CD /* LaunchScreen.storyboard */; };
/* End PBXBuildFile section */

/* Begin PBXFileReference section */
		A357CBB723887E0B00F708CD /* Bay´n´B.app */ = {isa = PBXFileReference; explicitFileType = wrapper.application; includeInIndex = 0; path = "Bay´n´B.app"; sourceTree = BUILT_PRODUCTS_DIR; };
		A357CBBA23887E0B00F708CD /* AppDelegate.swift */ = {isa = PBXFileReference; lastKnownFileType = sourcecode.swift; path = AppDelegate.swift; sourceTree = "<group>"; };
		A357CBBC23887E0B00F708CD /* SceneDelegate.swift */ = {isa = PBXFileReference; lastKnownFileType = sourcecode.swift; path = SceneDelegate.swift; sourceTree = "<group>"; };
		A357CBBE23887E0B00F708CD /* ContentView.swift */ = {isa = PBXFileReference; lastKnownFileType = sourcecode.swift; path = ContentView.swift; sourceTree = "<group>"; };
		A357CBC023887E0C00F708CD /* Assets.xcassets */ = {isa = PBXFileReference; lastKnownFileType = folder.assetcatalog; path = Assets.xcassets; sourceTree = "<group>"; };
		A357CBC323887E0C00F708CD /* Preview Assets.xcassets */ = {isa = PBXFileReference; lastKnownFileType = folder.assetcatalog; path = "Preview Assets.xcassets"; sourceTree = "<group>"; };
		A357CBC623887E0C00F708CD /* Base */ = {isa = PBXFileReference; lastKnownFileType = file.storyboard; name = Base; path = Base.lproj/LaunchScreen.storyboard; sourceTree = "<group>"; };
		A357CBC823887E0C00F708CD /* Info.plist */ = {isa = PBXFileReference; lastKnownFileType = text.plist.xml; path = Info.plist; sourceTree = "<group>"; };
/* End PBXFileReference section */

/* Begin PBXFrameworksBuildPhase section */
		A357CBB423887E0B00F708CD /* Frameworks */ = {
			isa = PBXFrameworksBuildPhase;
			buildActionMask = 2147483647;
			files = (
			);
			runOnlyForDeploymentPostprocessing = 0;
		};
/* End PBXFrameworksBuildPhase section */

/* Begin PBXGroup section */
		A357CBAE23887E0B00F708CD = {
			isa = PBXGroup;
			children = (
				A357CBB923887E0B00F708CD /* Bay´n´B */,
				A357CBB823887E0B00F708CD /* Products */,
			);
			sourceTree = "<group>";
		};
		A357CBB823887E0B00F708CD /* Products */ = {
			isa = PBXGroup;
			children = (
				A357CBB723887E0B00F708CD /* Bay´n´B.app */,
			);
			name = Products;
			sourceTree = "<group>";
		};
		A357CBB923887E0B00F708CD /* Bay´n´B */ = {
			isa = PBXGroup;
			children = (
				A357CBBA23887E0B00F708CD /* AppDelegate.swift */,
				A357CBBC23887E0B00F708CD /* SceneDelegate.swift */,
				A357CBBE23887E0B00F708CD /* ContentView.swift */,
				A357CBC023887E0C00F708CD /* Assets.xcassets */,
				A357CBC523887E0C00F708CD /* LaunchScreen.storyboard */,
				A357CBC823887E0C00F708CD /* Info.plist */,
				A357CBC223887E0C00F708CD /* Preview Content */,
			);
			path = "Bay´n´B";
			sourceTree = "<group>";
		};
		A357CBC223887E0C00F708CD /* Preview Content */ = {
			isa = PBXGroup;
			children = (
				A357CBC323887E0C00F708CD /* Preview Assets.xcassets */,
			);
			path = "Preview Content";
			sourceTree = "<group>";
		};
/* End PBXGroup section */

/* Begin PBXNativeTarget section */
		A357CBB623887E0B00F708CD /* Bay´n´B */ = {
			isa = PBXNativeTarget;
			buildConfigurationList = A357CBCB23887E0C00F708CD /* Build configuration list for PBXNativeTarget "Bay´n´B" */;
			buildPhases = (
				A357CBB323887E0B00F708CD /* Sources */,
				A357CBB423887E0B00F708CD /* Frameworks */,
				A357CBB523887E0B00F708CD /* Resources */,
			);
			buildRules = (
			);
			dependencies = (
			);
			name = "Bay´n´B";
			productName = "Bay´n´B";
			productReference = A357CBB723887E0B00F708CD /* Bay´n´B.app */;
			productType = "com.apple.product-type.application";
		};
/* End PBXNativeTarget section */

/* Begin PBXProject section */
		A357CBAF23887E0B00F708CD /* Project object */ = {
			isa = PBXProject;
			attributes = {
				LastSwiftUpdateCheck = 1110;
				LastUpgradeCheck = 1110;
				ORGANIZATIONNAME = "TUM LS1";
				TargetAttributes = {
					A357CBB623887E0B00F708CD = {
						CreatedOnToolsVersion = 11.1;
					};
				};
			};
			buildConfigurationList = A357CBB223887E0B00F708CD /* Build configuration list for PBXProject "Bay´n´B" */;
			compatibilityVersion = "Xcode 9.3";
			developmentRegion = en;
			hasScannedForEncodings = 0;
			knownRegions = (
				en,
				Base,
			);
			mainGroup = A357CBAE23887E0B00F708CD;
			productRefGroup = A357CBB823887E0B00F708CD /* Products */;
			projectDirPath = "";
			projectRoot = "";
			targets = (
				A357CBB623887E0B00F708CD /* Bay´n´B */,
			);
		};
/* End PBXProject section */

/* Begin PBXResourcesBuildPhase section */
		A357CBB523887E0B00F708CD /* Resources */ = {
			isa = PBXResourcesBuildPhase;
			buildActionMask = 2147483647;
			files = (
				A357CBC723887E0C00F708CD /* LaunchScreen.storyboard in Resources */,
				A357CBC423887E0C00F708CD /* Preview Assets.xcassets in Resources */,
				A357CBC123887E0C00F708CD /* Assets.xcassets in Resources */,
			);
			runOnlyForDeploymentPostprocessing = 0;
		};
/* End PBXResourcesBuildPhase section */

/* Begin PBXSourcesBuildPhase section */
		A357CBB323887E0B00F708CD /* Sources */ = {
			isa = PBXSourcesBuildPhase;
			buildActionMask = 2147483647;
			files = (
				A357CBBB23887E0B00F708CD /* AppDelegate.swift in Sources */,
				A357CBBD23887E0B00F708CD /* SceneDelegate.swift in Sources */,
				A357CBBF23887E0B00F708CD /* ContentView.swift in Sources */,
			);
			runOnlyForDeploymentPostprocessing = 0;
		};
/* End PBXSourcesBuildPhase section */

/* Begin PBXVariantGroup section */
		A357CBC523887E0C00F708CD /* LaunchScreen.storyboard */ = {
			isa = PBXVariantGroup;
			children = (
				A357CBC623887E0C00F708CD /* Base */,
			);
			name = LaunchScreen.storyboard;
			sourceTree = "<group>";
		};
/* End PBXVariantGroup section */

/* Begin XCBuildConfiguration section */
		A357CBC923887E0C00F708CD /* Debug */ = {
			isa = XCBuildConfiguration;
			buildSettings = {
				ALWAYS_SEARCH_USER_PATHS = NO;
				CLANG_ANALYZER_NONNULL = YES;
				CLANG_ANALYZER_NUMBER_OBJECT_CONVERSION = YES_AGGRESSIVE;
				CLANG_CXX_LANGUAGE_STANDARD = "gnu++14";
				CLANG_CXX_LIBRARY = "libc++";
				CLANG_ENABLE_MODULES = YES;
				CLANG_ENABLE_OBJC_ARC = YES;
				CLANG_ENABLE_OBJC_WEAK = YES;
				CLANG_WARN_BLOCK_CAPTURE_AUTORELEASING = YES;
				CLANG_WARN_BOOL_CONVERSION = YES;
				CLANG_WARN_COMMA = YES;
				CLANG_WARN_CONSTANT_CONVERSION = YES;
				CLANG_WARN_DEPRECATED_OBJC_IMPLEMENTATIONS = YES;
				CLANG_WARN_DIRECT_OBJC_ISA_USAGE = YES_ERROR;
				CLANG_WARN_DOCUMENTATION_COMMENTS = YES;
				CLANG_WARN_EMPTY_BODY = YES;
				CLANG_WARN_ENUM_CONVERSION = YES;
				CLANG_WARN_INFINITE_RECURSION = YES;
				CLANG_WARN_INT_CONVERSION = YES;
				CLANG_WARN_NON_LITERAL_NULL_CONVERSION = YES;
				CLANG_WARN_OBJC_IMPLICIT_RETAIN_SELF = YES;
				CLANG_WARN_OBJC_LITERAL_CONVERSION = YES;
				CLANG_WARN_OBJC_ROOT_CLASS = YES_ERROR;
				CLANG_WARN_RANGE_LOOP_ANALYSIS = YES;
				CLANG_WARN_STRICT_PROTOTYPES = YES;
				CLANG_WARN_SUSPICIOUS_MOVE = YES;
				CLANG_WARN_UNGUARDED_AVAILABILITY = YES_AGGRESSIVE;
				CLANG_WARN_UNREACHABLE_CODE = YES;
				CLANG_WARN__DUPLICATE_METHOD_MATCH = YES;
				COPY_PHASE_STRIP = NO;
				DEBUG_INFORMATION_FORMAT = dwarf;
				ENABLE_STRICT_OBJC_MSGSEND = YES;
				ENABLE_TESTABILITY = YES;
				GCC_C_LANGUAGE_STANDARD = gnu11;
				GCC_DYNAMIC_NO_PIC = NO;
				GCC_NO_COMMON_BLOCKS = YES;
				GCC_OPTIMIZATION_LEVEL = 0;
				GCC_PREPROCESSOR_DEFINITIONS = (
					"DEBUG=1",
					"$(inherited)",
				);
				GCC_WARN_64_TO_32_BIT_CONVERSION = YES;
				GCC_WARN_ABOUT_RETURN_TYPE = YES_ERROR;
				GCC_WARN_UNDECLARED_SELECTOR = YES;
				GCC_WARN_UNINITIALIZED_AUTOS = YES_AGGRESSIVE;
				GCC_WARN_UNUSED_FUNCTION = YES;
				GCC_WARN_UNUSED_VARIABLE = YES;
				IPHONEOS_DEPLOYMENT_TARGET = 13.1;
				MTL_ENABLE_DEBUG_INFO = INCLUDE_SOURCE;
				MTL_FAST_MATH = YES;
				ONLY_ACTIVE_ARCH = YES;
				SDKROOT = iphoneos;
				SWIFT_ACTIVE_COMPILATION_CONDITIONS = DEBUG;
				SWIFT_OPTIMIZATION_LEVEL = "-Onone";
			};
			name = Debug;
		};
		A357CBCA23887E0C00F708CD /* Release */ = {
			isa = XCBuildConfiguration;
			buildSettings = {
				ALWAYS_SEARCH_USER_PATHS = NO;
				CLANG_ANALYZER_NONNULL = YES;
				CLANG_ANALYZER_NUMBER_OBJECT_CONVERSION = YES_AGGRESSIVE;
				CLANG_CXX_LANGUAGE_STANDARD = "gnu++14";
				CLANG_CXX_LIBRARY = "libc++";
				CLANG_ENABLE_MODULES = YES;
				CLANG_ENABLE_OBJC_ARC = YES;
				CLANG_ENABLE_OBJC_WEAK = YES;
				CLANG_WARN_BLOCK_CAPTURE_AUTORELEASING = YES;
				CLANG_WARN_BOOL_CONVERSION = YES;
				CLANG_WARN_COMMA = YES;
				CLANG_WARN_CONSTANT_CONVERSION = YES;
				CLANG_WARN_DEPRECATED_OBJC_IMPLEMENTATIONS = YES;
				CLANG_WARN_DIRECT_OBJC_ISA_USAGE = YES_ERROR;
				CLANG_WARN_DOCUMENTATION_COMMENTS = YES;
				CLANG_WARN_EMPTY_BODY = YES;
				CLANG_WARN_ENUM_CONVERSION = YES;
				CLANG_WARN_INFINITE_RECURSION = YES;
				CLANG_WARN_INT_CONVERSION = YES;
				CLANG_WARN_NON_LITERAL_NULL_CONVERSION = YES;
				CLANG_WARN_OBJC_IMPLICIT_RETAIN_SELF = YES;
				CLANG_WARN_OBJC_LITERAL_CONVERSION = YES;
				CLANG_WARN_OBJC_ROOT_CLASS = YES_ERROR;
				CLANG_WARN_RANGE_LOOP_ANALYSIS = YES;
				CLANG_WARN_STRICT_PROTOTYPES = YES;
				CLANG_WARN_SUSPICIOUS_MOVE = YES;
				CLANG_WARN_UNGUARDED_AVAILABILITY = YES_AGGRESSIVE;
				CLANG_WARN_UNREACHABLE_CODE = YES;
				CLANG_WARN__DUPLICATE_METHOD_MATCH = YES;
				COPY_PHASE_STRIP = NO;
				DEBUG_INFORMATION_FORMAT = "dwarf-with-dsym";
				ENABLE_NS_ASSERTIONS = NO;
				ENABLE_STRICT_OBJC_MSGSEND = YES;
				GCC_C_LANGUAGE_STANDARD = gnu11;
				GCC_NO_COMMON_BLOCKS = YES;
				GCC_WARN_64_TO_32_BIT_CONVERSION = YES;
				GCC_WARN_ABOUT_RETURN_TYPE = YES_ERROR;
				GCC_WARN_UNDECLARED_SELECTOR = YES;
				GCC_WARN_UNINITIALIZED_AUTOS = YES_AGGRESSIVE;
				GCC_WARN_UNUSED_FUNCTION = YES;
				GCC_WARN_UNUSED_VARIABLE = YES;
				IPHONEOS_DEPLOYMENT_TARGET = 13.1;
				MTL_ENABLE_DEBUG_INFO = NO;
				MTL_FAST_MATH = YES;
				SDKROOT = iphoneos;
				SWIFT_COMPILATION_MODE = wholemodule;
				SWIFT_OPTIMIZATION_LEVEL = "-O";
				VALIDATE_PRODUCT = YES;
			};
			name = Release;
		};
		A357CBCC23887E0C00F708CD /* Debug */ = {
			isa = XCBuildConfiguration;
			buildSettings = {
				ASSETCATALOG_COMPILER_APPICON_NAME = AppIcon;
				CODE_SIGN_STYLE = Automatic;
				DEVELOPMENT_ASSET_PATHS = "\"Bay´n´B/Preview Content\"";
				DEVELOPMENT_TEAM = 7JBQBQNDZ4;
				ENABLE_PREVIEWS = YES;
				INFOPLIST_FILE = "Bay´n´B/Info.plist";
				LD_RUNPATH_SEARCH_PATHS = (
					"$(inherited)",
					"@executable_path/Frameworks",
				);
				PRODUCT_BUNDLE_IDENTIFIER = "de.tum.in.ase.Bay-n-B";
				PRODUCT_NAME = "$(TARGET_NAME)";
				SWIFT_VERSION = 5.0;
				TARGETED_DEVICE_FAMILY = "1,2";
			};
			name = Debug;
		};
		A357CBCD23887E0C00F708CD /* Release */ = {
			isa = XCBuildConfiguration;
			buildSettings = {
				ASSETCATALOG_COMPILER_APPICON_NAME = AppIcon;
				CODE_SIGN_STYLE = Automatic;
				DEVELOPMENT_ASSET_PATHS = "\"Bay´n´B/Preview Content\"";
				DEVELOPMENT_TEAM = 7JBQBQNDZ4;
				ENABLE_PREVIEWS = YES;
				INFOPLIST_FILE = "Bay´n´B/Info.plist";
				LD_RUNPATH_SEARCH_PATHS = (
					"$(inherited)",
					"@executable_path/Frameworks",
				);
				PRODUCT_BUNDLE_IDENTIFIER = "de.tum.in.ase.Bay-n-B";
				PRODUCT_NAME = "$(TARGET_NAME)";
				SWIFT_VERSION = 5.0;
				TARGETED_DEVICE_FAMILY = "1,2";
			};
			name = Release;
		};
/* End XCBuildConfiguration section */

/* Begin XCConfigurationList section */
		A357CBB223887E0B00F708CD /* Build configuration list for PBXProject "Bay´n´B" */ = {
			isa = XCConfigurationList;
			buildConfigurations = (
				A357CBC923887E0C00F708CD /* Debug */,
				A357CBCA23887E0C00F708CD /* Release */,
			);
			defaultConfigurationIsVisible = 0;
			defaultConfigurationName = Release;
		};
		A357CBCB23887E0C00F708CD /* Build configuration list for PBXNativeTarget "Bay´n´B" */ = {
			isa = XCConfigurationList;
			buildConfigurations = (
				A357CBCC23887E0C00F708CD /* Debug */,
				A357CBCD23887E0C00F708CD /* Release */,
			);
			defaultConfigurationIsVisible = 0;
			defaultConfigurationName = Release;
		};
/* End XCConfigurationList section */
	};
	rootObject = A357CBAF23887E0B00F708CD /* Project object */;
}
